// !$*UTF8*$!
{
	archiveVersion = 1;
	classes = {
	};
	objectVersion = 77;
	objects = {

/* Begin PBXBuildFile section */
		0D0AB0D02F6A89FC006FB947 /* WidgetKit.framework in Frameworks */ = {isa = PBXBuildFile; fileRef = 0D0AB0CF2F6A89FC006FB947 /* WidgetKit.framework */; };
		0D0AB0D22F6A89FC006FB947 /* SwiftUI.framework in Frameworks */ = {isa = PBXBuildFile; fileRef = 0D0AB0D12F6A89FC006FB947 /* SwiftUI.framework */; };
		0D0AB0E32F6A89FD006FB947 /* StructifyWidgetExtension.appex in Embed Foundation Extensions */ = {isa = PBXBuildFile; fileRef = 0D0AB0CD2F6A89FC006FB947 /* StructifyWidgetExtension.appex */; settings = {ATTRIBUTES = (RemoveHeadersOnCopy, ); }; };
		0D4388E92F5EBBD800E52307 /* Global.swift in Sources */ = {isa = PBXBuildFile; fileRef = 0D4388E82F5EBBD400E52307 /* Global.swift */; };
		0D5D998D2F5D467A00C60A69 /* ColorToolkit.swift in Sources */ = {isa = PBXBuildFile; fileRef = 0D5D998C2F5D467600C60A69 /* ColorToolkit.swift */; };
		0D67F3C62F5EF0BC00F84CF6 /* TimelineLine.swift in Sources */ = {isa = PBXBuildFile; fileRef = 0D67F3C52F5EF0B900F84CF6 /* TimelineLine.swift */; };
		0D71F2D12F6BC68500B769F8 /* Localizable.xcstrings in Resources */ = {isa = PBXBuildFile; fileRef = 0D71F2D02F6BC68500B769F8 /* Localizable.xcstrings */; };
		0D71F2D22F6BC68500B769F8 /* Localizable.xcstrings in Resources */ = {isa = PBXBuildFile; fileRef = 0D71F2D02F6BC68500B769F8 /* Localizable.xcstrings */; };
		0D73442A2F5A9E4900AA4159 /* TimelineViewUI.swift in Sources */ = {isa = PBXBuildFile; fileRef = 0D7344292F5A9E4700AA4159 /* TimelineViewUI.swift */; };
		0D75263A2F6800F500CC7B7F /* ReviewManager.swift in Sources */ = {isa = PBXBuildFile; fileRef = 0D7526392F6800F100CC7B7F /* ReviewManager.swift */; };
/* End PBXBuildFile section */

/* Begin PBXContainerItemProxy section */
		0D0AB0E12F6A89FD006FB947 /* PBXContainerItemProxy */ = {
			isa = PBXContainerItemProxy;
			containerPortal = 0D7344132F5A9E3100AA4159 /* Project object */;
			proxyType = 1;
			remoteGlobalIDString = 0D0AB0CC2F6A89FC006FB947;
			remoteInfo = StructifyWidgetExtension;
		};
/* End PBXContainerItemProxy section */

/* Begin PBXCopyFilesBuildPhase section */
		0D0AB0E42F6A89FD006FB947 /* Embed Foundation Extensions */ = {
			isa = PBXCopyFilesBuildPhase;
			buildActionMask = 2147483647;
			dstPath = "";
			dstSubfolderSpec = 13;
			files = (
				0D0AB0E32F6A89FD006FB947 /* StructifyWidgetExtension.appex in Embed Foundation Extensions */,
			);
			name = "Embed Foundation Extensions";
			runOnlyForDeploymentPostprocessing = 0;
		};
/* End PBXCopyFilesBuildPhase section */

/* Begin PBXFileReference section */
		0D0AB0CD2F6A89FC006FB947 /* StructifyWidgetExtension.appex */ = {isa = PBXFileReference; explicitFileType = "wrapper.app-extension"; includeInIndex = 0; path = StructifyWidgetExtension.appex; sourceTree = BUILT_PRODUCTS_DIR; };
		0D0AB0CF2F6A89FC006FB947 /* WidgetKit.framework */ = {isa = PBXFileReference; lastKnownFileType = wrapper.framework; name = WidgetKit.framework; path = System/Library/Frameworks/WidgetKit.framework; sourceTree = SDKROOT; };
		0D0AB0D12F6A89FC006FB947 /* SwiftUI.framework */ = {isa = PBXFileReference; lastKnownFileType = wrapper.framework; name = SwiftUI.framework; path = System/Library/Frameworks/SwiftUI.framework; sourceTree = SDKROOT; };
		0D0AB0E92F6A8A20006FB947 /* StructifyWidgetExtension.entitlements */ = {isa = PBXFileReference; lastKnownFileType = text.plist.entitlements; path = StructifyWidgetExtension.entitlements; sourceTree = "<group>"; };
		0D4388E82F5EBBD400E52307 /* Global.swift */ = {isa = PBXFileReference; lastKnownFileType = sourcecode.swift; path = Global.swift; sourceTree = "<group>"; };
		0D5D998C2F5D467600C60A69 /* ColorToolkit.swift */ = {isa = PBXFileReference; lastKnownFileType = sourcecode.swift; path = ColorToolkit.swift; sourceTree = "<group>"; };
		0D67F3C52F5EF0B900F84CF6 /* TimelineLine.swift */ = {isa = PBXFileReference; lastKnownFileType = sourcecode.swift; path = TimelineLine.swift; sourceTree = "<group>"; };
		0D71F2D02F6BC68500B769F8 /* Localizable.xcstrings */ = {isa = PBXFileReference; lastKnownFileType = text.json.xcstrings; path = Localizable.xcstrings; sourceTree = "<group>"; };
		0D73441B2F5A9E3100AA4159 /* Structify.app */ = {isa = PBXFileReference; explicitFileType = wrapper.application; includeInIndex = 0; path = Structify.app; sourceTree = BUILT_PRODUCTS_DIR; };
		0D7344292F5A9E4700AA4159 /* TimelineViewUI.swift */ = {isa = PBXFileReference; lastKnownFileType = sourcecode.swift; path = TimelineViewUI.swift; sourceTree = "<group>"; };
		0D7526392F6800F100CC7B7F /* ReviewManager.swift */ = {isa = PBXFileReference; lastKnownFileType = sourcecode.swift; path = ReviewManager.swift; sourceTree = "<group>"; };
/* End PBXFileReference section */

/* Begin PBXFileSystemSynchronizedBuildFileExceptionSet section */
		0D0AB0E72F6A89FD006FB947 /* Exceptions for "StructifyWidget" folder in "StructifyWidgetExtension" target */ = {
			isa = PBXFileSystemSynchronizedBuildFileExceptionSet;
			membershipExceptions = (
				Info.plist,
			);
			target = 0D0AB0CC2F6A89FC006FB947 /* StructifyWidgetExtension */;
		};
/* End PBXFileSystemSynchronizedBuildFileExceptionSet section */

/* Begin PBXFileSystemSynchronizedRootGroup section */
		0D0AB0D32F6A89FC006FB947 /* StructifyWidget */ = {
			isa = PBXFileSystemSynchronizedRootGroup;
			exceptions = (
				0D0AB0E72F6A89FD006FB947 /* Exceptions for "StructifyWidget" folder in "StructifyWidgetExtension" target */,
			);
			path = StructifyWidget;
			sourceTree = "<group>";
		};
		0D5EE7E02F5BF22C001EC44B /* Onboarding */ = {
			isa = PBXFileSystemSynchronizedRootGroup;
			path = Onboarding;
			sourceTree = "<group>";
		};
		0D73441D2F5A9E3100AA4159 /* Structify */ = {
			isa = PBXFileSystemSynchronizedRootGroup;
			path = Structify;
			sourceTree = "<group>";
		};
		0D73442B2F5A9E4E00AA4159 /* Tab1 */ = {
			isa = PBXFileSystemSynchronizedRootGroup;
			path = Tab1;
			sourceTree = "<group>";
		};
		0D73442C2F5A9E5600AA4159 /* Tab2 */ = {
			isa = PBXFileSystemSynchronizedRootGroup;
			path = Tab2;
			sourceTree = "<group>";
		};
		0D73442D2F5A9E5E00AA4159 /* Setting */ = {
			isa = PBXFileSystemSynchronizedRootGroup;
			path = Setting;
			sourceTree = "<group>";
		};
		0D73442E2F5A9E6600AA4159 /* Premium */ = {
			isa = PBXFileSystemSynchronizedRootGroup;
			path = Premium;
			sourceTree = "<group>";
		};
		0D73443D2F5AA67700AA4159 /* TimelineEngine */ = {
			isa = PBXFileSystemSynchronizedRootGroup;
			path = TimelineEngine;
			sourceTree = "<group>";
		};
/* End PBXFileSystemSynchronizedRootGroup section */

/* Begin PBXFrameworksBuildPhase section */
		0D0AB0CA2F6A89FC006FB947 /* Frameworks */ = {
			isa = PBXFrameworksBuildPhase;
			buildActionMask = 2147483647;
			files = (
				0D0AB0D22F6A89FC006FB947 /* SwiftUI.framework in Frameworks */,
				0D0AB0D02F6A89FC006FB947 /* WidgetKit.framework in Frameworks */,
			);
			runOnlyForDeploymentPostprocessing = 0;
		};
		0D7344182F5A9E3100AA4159 /* Frameworks */ = {
			isa = PBXFrameworksBuildPhase;
			buildActionMask = 2147483647;
			files = (
			);
			runOnlyForDeploymentPostprocessing = 0;
		};
/* End PBXFrameworksBuildPhase section */

/* Begin PBXGroup section */
		0D0AB0CE2F6A89FC006FB947 /* Frameworks */ = {
			isa = PBXGroup;
			children = (
				0D0AB0CF2F6A89FC006FB947 /* WidgetKit.framework */,
				0D0AB0D12F6A89FC006FB947 /* SwiftUI.framework */,
			);
			name = Frameworks;
			sourceTree = "<group>";
		};
		0D7344122F5A9E3100AA4159 = {
			isa = PBXGroup;
			children = (
				0D71F2D02F6BC68500B769F8 /* Localizable.xcstrings */,
				0D0AB0E92F6A8A20006FB947 /* StructifyWidgetExtension.entitlements */,
				0D7526392F6800F100CC7B7F /* ReviewManager.swift */,
				0D4388E82F5EBBD400E52307 /* Global.swift */,
				0D5D998C2F5D467600C60A69 /* ColorToolkit.swift */,
				0D5EE7E02F5BF22C001EC44B /* Onboarding */,
				0D73442E2F5A9E6600AA4159 /* Premium */,
				0D73442D2F5A9E5E00AA4159 /* Setting */,
				0D73442C2F5A9E5600AA4159 /* Tab2 */,
				0D73442B2F5A9E4E00AA4159 /* Tab1 */,
				0D7344292F5A9E4700AA4159 /* TimelineViewUI.swift */,
				0D67F3C52F5EF0B900F84CF6 /* TimelineLine.swift */,
				0D73443D2F5AA67700AA4159 /* TimelineEngine */,
				0D73441D2F5A9E3100AA4159 /* Structify */,
				0D0AB0D32F6A89FC006FB947 /* StructifyWidget */,
				0D0AB0CE2F6A89FC006FB947 /* Frameworks */,
				0D73441C2F5A9E3100AA4159 /* Products */,
			);
			sourceTree = "<group>";
		};
		0D73441C2F5A9E3100AA4159 /* Products */ = {
			isa = PBXGroup;
			children = (
				0D73441B2F5A9E3100AA4159 /* Structify.app */,
				0D0AB0CD2F6A89FC006FB947 /* StructifyWidgetExtension.appex */,
			);
			name = Products;
			sourceTree = "<group>";
		};
/* End PBXGroup section */

/* Begin PBXNativeTarget section */
		0D0AB0CC2F6A89FC006FB947 /* StructifyWidgetExtension */ = {
			isa = PBXNativeTarget;
			buildConfigurationList = 0D0AB0E82F6A89FD006FB947 /* Build configuration list for PBXNativeTarget "StructifyWidgetExtension" */;
			buildPhases = (
				0D0AB0C92F6A89FC006FB947 /* Sources */,
				0D0AB0CA2F6A89FC006FB947 /* Frameworks */,
				0D0AB0CB2F6A89FC006FB947 /* Resources */,
			);
			buildRules = (
			);
			dependencies = (
			);
			fileSystemSynchronizedGroups = (
				0D0AB0D32F6A89FC006FB947 /* StructifyWidget */,
			);
			name = StructifyWidgetExtension;
			packageProductDependencies = (
			);
			productName = StructifyWidgetExtension;
			productReference = 0D0AB0CD2F6A89FC006FB947 /* StructifyWidgetExtension.appex */;
			productType = "com.apple.product-type.app-extension";
		};
		0D73441A2F5A9E3100AA4159 /* Structify */ = {
			isa = PBXNativeTarget;
			buildConfigurationList = 0D7344262F5A9E3200AA4159 /* Build configuration list for PBXNativeTarget "Structify" */;
			buildPhases = (
				0D7344172F5A9E3100AA4159 /* Sources */,
				0D7344182F5A9E3100AA4159 /* Frameworks */,
				0D7344192F5A9E3100AA4159 /* Resources */,
				0D0AB0E42F6A89FD006FB947 /* Embed Foundation Extensions */,
			);
			buildRules = (
			);
			dependencies = (
				0D0AB0E22F6A89FD006FB947 /* PBXTargetDependency */,
			);
			fileSystemSynchronizedGroups = (
				0D5EE7E02F5BF22C001EC44B /* Onboarding */,
				0D73441D2F5A9E3100AA4159 /* Structify */,
				0D73442B2F5A9E4E00AA4159 /* Tab1 */,
				0D73442C2F5A9E5600AA4159 /* Tab2 */,
				0D73442D2F5A9E5E00AA4159 /* Setting */,
				0D73442E2F5A9E6600AA4159 /* Premium */,
				0D73443D2F5AA67700AA4159 /* TimelineEngine */,
			);
			name = Structify;
			packageProductDependencies = (
			);
			productName = Structify;
			productReference = 0D73441B2F5A9E3100AA4159 /* Structify.app */;
			productType = "com.apple.product-type.application";
		};
/* End PBXNativeTarget section */

/* Begin PBXProject section */
		0D7344132F5A9E3100AA4159 /* Project object */ = {
			isa = PBXProject;
			attributes = {
				BuildIndependentTargetsInParallel = 1;
				LastSwiftUpdateCheck = 2610;
				LastUpgradeCheck = 2610;
				TargetAttributes = {
					0D0AB0CC2F6A89FC006FB947 = {
						CreatedOnToolsVersion = 26.1.1;
					};
					0D73441A2F5A9E3100AA4159 = {
						CreatedOnToolsVersion = 26.1.1;
					};
				};
			};
			buildConfigurationList = 0D7344162F5A9E3100AA4159 /* Build configuration list for PBXProject "Structify" */;
			developmentRegion = en;
			hasScannedForEncodings = 0;
			knownRegions = (
				en,
				Base,
				vi,
			);
			mainGroup = 0D7344122F5A9E3100AA4159;
			minimizedProjectReferenceProxies = 1;
			preferredProjectObjectVersion = 77;
			productRefGroup = 0D73441C2F5A9E3100AA4159 /* Products */;
			projectDirPath = "";
			projectRoot = "";
			targets = (
				0D73441A2F5A9E3100AA4159 /* Structify */,
				0D0AB0CC2F6A89FC006FB947 /* StructifyWidgetExtension */,
			);
		};
/* End PBXProject section */

/* Begin PBXResourcesBuildPhase section */
		0D0AB0CB2F6A89FC006FB947 /* Resources */ = {
			isa = PBXResourcesBuildPhase;
			buildActionMask = 2147483647;
			files = (
				0D71F2D22F6BC68500B769F8 /* Localizable.xcstrings in Resources */,
			);
			runOnlyForDeploymentPostprocessing = 0;
		};
		0D7344192F5A9E3100AA4159 /* Resources */ = {
			isa = PBXResourcesBuildPhase;
			buildActionMask = 2147483647;
			files = (
				0D71F2D12F6BC68500B769F8 /* Localizable.xcstrings in Resources */,
			);
			runOnlyForDeploymentPostprocessing = 0;
		};
/* End PBXResourcesBuildPhase section */

/* Begin PBXSourcesBuildPhase section */
		0D0AB0C92F6A89FC006FB947 /* Sources */ = {
			isa = PBXSourcesBuildPhase;
			buildActionMask = 2147483647;
			files = (
			);
			runOnlyForDeploymentPostprocessing = 0;
		};
		0D7344172F5A9E3100AA4159 /* Sources */ = {
			isa = PBXSourcesBuildPhase;
			buildActionMask = 2147483647;
			files = (
				0D75263A2F6800F500CC7B7F /* ReviewManager.swift in Sources */,
				0D5D998D2F5D467A00C60A69 /* ColorToolkit.swift in Sources */,
				0D67F3C62F5EF0BC00F84CF6 /* TimelineLine.swift in Sources */,
				0D73442A2F5A9E4900AA4159 /* TimelineViewUI.swift in Sources */,
				0D4388E92F5EBBD800E52307 /* Global.swift in Sources */,
			);
			runOnlyForDeploymentPostprocessing = 0;
		};
/* End PBXSourcesBuildPhase section */

/* Begin PBXTargetDependency section */
		0D0AB0E22F6A89FD006FB947 /* PBXTargetDependency */ = {
			isa = PBXTargetDependency;
			target = 0D0AB0CC2F6A89FC006FB947 /* StructifyWidgetExtension */;
			targetProxy = 0D0AB0E12F6A89FD006FB947 /* PBXContainerItemProxy */;
		};
/* End PBXTargetDependency section */

/* Begin XCBuildConfiguration section */
		0D0AB0E52F6A89FD006FB947 /* Debug */ = {
			isa = XCBuildConfiguration;
			buildSettings = {
				ASSETCATALOG_COMPILER_GLOBAL_ACCENT_COLOR_NAME = AccentColor;
				ASSETCATALOG_COMPILER_WIDGET_BACKGROUND_COLOR_NAME = WidgetBackground;
				CODE_SIGN_ENTITLEMENTS = StructifyWidgetExtension.entitlements;
				CODE_SIGN_STYLE = Automatic;
				CURRENT_PROJECT_VERSION = 1;
				DEVELOPMENT_TEAM = 553U32259K;
				GENERATE_INFOPLIST_FILE = YES;
				INFOPLIST_FILE = StructifyWidget/Info.plist;
				INFOPLIST_KEY_CFBundleDisplayName = StructifyWidget;
				INFOPLIST_KEY_NSHumanReadableCopyright = "";
				IPHONEOS_DEPLOYMENT_TARGET = 18.6;
				LD_RUNPATH_SEARCH_PATHS = (
					"$(inherited)",
					"@executable_path/Frameworks",
					"@executable_path/../../Frameworks",
				);
				MARKETING_VERSION = 1.0;
				PRODUCT_BUNDLE_IDENTIFIER = com.SamCorp.Structify.StructifyWidget;
				PRODUCT_NAME = "$(TARGET_NAME)";
				SKIP_INSTALL = YES;
				STRING_CATALOG_GENERATE_SYMBOLS = YES;
				SWIFT_APPROACHABLE_CONCURRENCY = YES;
				SWIFT_EMIT_LOC_STRINGS = YES;
				SWIFT_UPCOMING_FEATURE_MEMBER_IMPORT_VISIBILITY = YES;
				SWIFT_VERSION = 5.0;
				TARGETED_DEVICE_FAMILY = "1,2";
			};
			name = Debug;
		};
		0D0AB0E62F6A89FD006FB947 /* Release */ = {
			isa = XCBuildConfiguration;
			buildSettings = {
				ASSETCATALOG_COMPILER_GLOBAL_ACCENT_COLOR_NAME = AccentColor;
				ASSETCATALOG_COMPILER_WIDGET_BACKGROUND_COLOR_NAME = WidgetBackground;
				CODE_SIGN_ENTITLEMENTS = StructifyWidgetExtension.entitlements;
				CODE_SIGN_STYLE = Automatic;
				CURRENT_PROJECT_VERSION = 1;
				DEVELOPMENT_TEAM = 553U32259K;
				GENERATE_INFOPLIST_FILE = YES;
				INFOPLIST_FILE = StructifyWidget/Info.plist;
				INFOPLIST_KEY_CFBundleDisplayName = StructifyWidget;
				INFOPLIST_KEY_NSHumanReadableCopyright = "";
				IPHONEOS_DEPLOYMENT_TARGET = 18.6;
				LD_RUNPATH_SEARCH_PATHS = (
					"$(inherited)",
					"@executable_path/Frameworks",
					"@executable_path/../../Frameworks",
				);
				MARKETING_VERSION = 1.0;
				PRODUCT_BUNDLE_IDENTIFIER = com.SamCorp.Structify.StructifyWidget;
				PRODUCT_NAME = "$(TARGET_NAME)";
				SKIP_INSTALL = YES;
				STRING_CATALOG_GENERATE_SYMBOLS = YES;
				SWIFT_APPROACHABLE_CONCURRENCY = YES;
				SWIFT_EMIT_LOC_STRINGS = YES;
				SWIFT_UPCOMING_FEATURE_MEMBER_IMPORT_VISIBILITY = YES;
				SWIFT_VERSION = 5.0;
				TARGETED_DEVICE_FAMILY = "1,2";
			};
			name = Release;
		};
		0D7344242F5A9E3200AA4159 /* Debug */ = {
			isa = XCBuildConfiguration;
			buildSettings = {
				ALWAYS_SEARCH_USER_PATHS = NO;
				ASSETCATALOG_COMPILER_GENERATE_SWIFT_ASSET_SYMBOL_EXTENSIONS = YES;
				CLANG_ANALYZER_NONNULL = YES;
				CLANG_ANALYZER_NUMBER_OBJECT_CONVERSION = YES_AGGRESSIVE;
				CLANG_CXX_LANGUAGE_STANDARD = "gnu++20";
				CLANG_ENABLE_MODULES = YES;
				CLANG_ENABLE_OBJC_ARC = YES;
				CLANG_ENABLE_OBJC_WEAK = YES;
				CLANG_WARN_BLOCK_CAPTURE_AUTORELEASING = YES;
				CLANG_WARN_BOOL_CONVERSION = YES;
				CLANG_WARN_COMMA = YES;
				CLANG_WARN_CONSTANT_CONVERSION = YES;
				CLANG_WARN_DEPRECATED_OBJC_IMPLEMENTATIONS = YES;
				CLANG_WARN_DIRECT_OBJC_ISA_USAGE = YES_ERROR;
				CLANG_WARN_DOCUMENTATION_COMMENTS = YES;
				CLANG_WARN_EMPTY_BODY = YES;
				CLANG_WARN_ENUM_CONVERSION = YES;
				CLANG_WARN_INFINITE_RECURSION = YES;
				CLANG_WARN_INT_CONVERSION = YES;
				CLANG_WARN_NON_LITERAL_NULL_CONVERSION = YES;
				CLANG_WARN_OBJC_IMPLICIT_RETAIN_SELF = YES;
				CLANG_WARN_OBJC_LITERAL_CONVERSION = YES;
				CLANG_WARN_OBJC_ROOT_CLASS = YES_ERROR;
				CLANG_WARN_QUOTED_INCLUDE_IN_FRAMEWORK_HEADER = YES;
				CLANG_WARN_RANGE_LOOP_ANALYSIS = YES;
				CLANG_WARN_STRICT_PROTOTYPES = YES;
				CLANG_WARN_SUSPICIOUS_MOVE = YES;
				CLANG_WARN_UNGUARDED_AVAILABILITY = YES_AGGRESSIVE;
				CLANG_WARN_UNREACHABLE_CODE = YES;
				CLANG_WARN__DUPLICATE_METHOD_MATCH = YES;
				COPY_PHASE_STRIP = NO;
				DEBUG_INFORMATION_FORMAT = dwarf;
				DEVELOPMENT_TEAM = 553U32259K;
				ENABLE_STRICT_OBJC_MSGSEND = YES;
				ENABLE_TESTABILITY = YES;
				ENABLE_USER_SCRIPT_SANDBOXING = YES;
				GCC_C_LANGUAGE_STANDARD = gnu17;
				GCC_DYNAMIC_NO_PIC = NO;
				GCC_NO_COMMON_BLOCKS = YES;
				GCC_OPTIMIZATION_LEVEL = 0;
				GCC_PREPROCESSOR_DEFINITIONS = (
					"DEBUG=1",
					"$(inherited)",
				);
				GCC_WARN_64_TO_32_BIT_CONVERSION = YES;
				GCC_WARN_ABOUT_RETURN_TYPE = YES_ERROR;
				GCC_WARN_UNDECLARED_SELECTOR = YES;
				GCC_WARN_UNINITIALIZED_AUTOS = YES_AGGRESSIVE;
				GCC_WARN_UNUSED_FUNCTION = YES;
				GCC_WARN_UNUSED_VARIABLE = YES;
				IPHONEOS_DEPLOYMENT_TARGET = 26.1;
				LOCALIZATION_PREFERS_STRING_CATALOGS = YES;
				MTL_ENABLE_DEBUG_INFO = INCLUDE_SOURCE;
				MTL_FAST_MATH = YES;
				ONLY_ACTIVE_ARCH = YES;
				SDKROOT = iphoneos;
				SWIFT_ACTIVE_COMPILATION_CONDITIONS = "DEBUG $(inherited)";
				SWIFT_EMIT_LOC_STRINGS = YES;
				SWIFT_OPTIMIZATION_LEVEL = "-Onone";
			};
			name = Debug;
		};
		0D7344252F5A9E3200AA4159 /* Release */ = {
			isa = XCBuildConfiguration;
			buildSettings = {
				ALWAYS_SEARCH_USER_PATHS = NO;
				ASSETCATALOG_COMPILER_GENERATE_SWIFT_ASSET_SYMBOL_EXTENSIONS = YES;
				CLANG_ANALYZER_NONNULL = YES;
				CLANG_ANALYZER_NUMBER_OBJECT_CONVERSION = YES_AGGRESSIVE;
				CLANG_CXX_LANGUAGE_STANDARD = "gnu++20";
				CLANG_ENABLE_MODULES = YES;
				CLANG_ENABLE_OBJC_ARC = YES;
				CLANG_ENABLE_OBJC_WEAK = YES;
				CLANG_WARN_BLOCK_CAPTURE_AUTORELEASING = YES;
				CLANG_WARN_BOOL_CONVERSION = YES;
				CLANG_WARN_COMMA = YES;
				CLANG_WARN_CONSTANT_CONVERSION = YES;
				CLANG_WARN_DEPRECATED_OBJC_IMPLEMENTATIONS = YES;
				CLANG_WARN_DIRECT_OBJC_ISA_USAGE = YES_ERROR;
				CLANG_WARN_DOCUMENTATION_COMMENTS = YES;
				CLANG_WARN_EMPTY_BODY = YES;
				CLANG_WARN_ENUM_CONVERSION = YES;
				CLANG_WARN_INFINITE_RECURSION = YES;
				CLANG_WARN_INT_CONVERSION = YES;
				CLANG_WARN_NON_LITERAL_NULL_CONVERSION = YES;
				CLANG_WARN_OBJC_IMPLICIT_RETAIN_SELF = YES;
				CLANG_WARN_OBJC_LITERAL_CONVERSION = YES;
				CLANG_WARN_OBJC_ROOT_CLASS = YES_ERROR;
				CLANG_WARN_QUOTED_INCLUDE_IN_FRAMEWORK_HEADER = YES;
				CLANG_WARN_RANGE_LOOP_ANALYSIS = YES;
				CLANG_WARN_STRICT_PROTOTYPES = YES;
				CLANG_WARN_SUSPICIOUS_MOVE = YES;
				CLANG_WARN_UNGUARDED_AVAILABILITY = YES_AGGRESSIVE;
				CLANG_WARN_UNREACHABLE_CODE = YES;
				CLANG_WARN__DUPLICATE_METHOD_MATCH = YES;
				COPY_PHASE_STRIP = NO;
				DEBUG_INFORMATION_FORMAT = "dwarf-with-dsym";
				DEVELOPMENT_TEAM = 553U32259K;
				ENABLE_NS_ASSERTIONS = NO;
				ENABLE_STRICT_OBJC_MSGSEND = YES;
				ENABLE_USER_SCRIPT_SANDBOXING = YES;
				GCC_C_LANGUAGE_STANDARD = gnu17;
				GCC_NO_COMMON_BLOCKS = YES;
				GCC_WARN_64_TO_32_BIT_CONVERSION = YES;
				GCC_WARN_ABOUT_RETURN_TYPE = YES_ERROR;
				GCC_WARN_UNDECLARED_SELECTOR = YES;
				GCC_WARN_UNINITIALIZED_AUTOS = YES_AGGRESSIVE;
				GCC_WARN_UNUSED_FUNCTION = YES;
				GCC_WARN_UNUSED_VARIABLE = YES;
				IPHONEOS_DEPLOYMENT_TARGET = 26.1;
				LOCALIZATION_PREFERS_STRING_CATALOGS = YES;
				MTL_ENABLE_DEBUG_INFO = NO;
				MTL_FAST_MATH = YES;
				SDKROOT = iphoneos;
				SWIFT_COMPILATION_MODE = wholemodule;
				SWIFT_EMIT_LOC_STRINGS = YES;
				VALIDATE_PRODUCT = YES;
			};
			name = Release;
		};
		0D7344272F5A9E3200AA4159 /* Debug */ = {
			isa = XCBuildConfiguration;
			buildSettings = {
				ASSETCATALOG_COMPILER_APPICON_NAME = AppIcon;
				ASSETCATALOG_COMPILER_GLOBAL_ACCENT_COLOR_NAME = AccentColor;
				ASSETCATALOG_COMPILER_INCLUDE_ALL_APPICON_ASSETS = YES;
				CODE_SIGN_ENTITLEMENTS = Structify/Structify.entitlements;
				CODE_SIGN_STYLE = Automatic;
				CURRENT_PROJECT_VERSION = 1;
				DEVELOPMENT_TEAM = 553U32259K;
				ENABLE_PREVIEWS = YES;
				GENERATE_INFOPLIST_FILE = YES;
				INFOPLIST_KEY_UIApplicationSceneManifest_Generation = YES;
				INFOPLIST_KEY_UIApplicationSupportsIndirectInputEvents = YES;
				INFOPLIST_KEY_UILaunchScreen_Generation = YES;
				INFOPLIST_KEY_UISupportedInterfaceOrientations_iPad = "UIInterfaceOrientationPortrait UIInterfaceOrientationPortraitUpsideDown UIInterfaceOrientationLandscapeLeft UIInterfaceOrientationLandscapeRight";
				INFOPLIST_KEY_UISupportedInterfaceOrientations_iPhone = "UIInterfaceOrientationPortrait UIInterfaceOrientationLandscapeLeft UIInterfaceOrientationLandscapeRight";
				IPHONEOS_DEPLOYMENT_TARGET = 18.6;
				LD_RUNPATH_SEARCH_PATHS = (
					"$(inherited)",
					"@executable_path/Frameworks",
				);
				MARKETING_VERSION = 1.0;
				PRODUCT_BUNDLE_IDENTIFIER = com.SamCorp.Structify;
				PRODUCT_NAME = "$(TARGET_NAME)";
				STRING_CATALOG_GENERATE_SYMBOLS = YES;
				SWIFT_APPROACHABLE_CONCURRENCY = YES;
				SWIFT_DEFAULT_ACTOR_ISOLATION = MainActor;
				SWIFT_EMIT_LOC_STRINGS = YES;
				SWIFT_UPCOMING_FEATURE_MEMBER_IMPORT_VISIBILITY = YES;
				SWIFT_VERSION = 5.0;
				TARGETED_DEVICE_FAMILY = "1,2";
			};
			name = Debug;
		};
		0D7344282F5A9E3200AA4159 /* Release */ = {
			isa = XCBuildConfiguration;
			buildSettings = {
				ASSETCATALOG_COMPILER_APPICON_NAME = AppIcon;
				ASSETCATALOG_COMPILER_GLOBAL_ACCENT_COLOR_NAME = AccentColor;
				ASSETCATALOG_COMPILER_INCLUDE_ALL_APPICON_ASSETS = YES;
				CODE_SIGN_ENTITLEMENTS = Structify/Structify.entitlements;
				CODE_SIGN_STYLE = Automatic;
				CURRENT_PROJECT_VERSION = 1;
				DEVELOPMENT_TEAM = 553U32259K;
				ENABLE_PREVIEWS = YES;
				GENERATE_INFOPLIST_FILE = YES;
				INFOPLIST_KEY_UIApplicationSceneManifest_Generation = YES;
				INFOPLIST_KEY_UIApplicationSupportsIndirectInputEvents = YES;
				INFOPLIST_KEY_UILaunchScreen_Generation = YES;
				INFOPLIST_KEY_UISupportedInterfaceOrientations_iPad = "UIInterfaceOrientationPortrait UIInterfaceOrientationPortraitUpsideDown UIInterfaceOrientationLandscapeLeft UIInterfaceOrientationLandscapeRight";
				INFOPLIST_KEY_UISupportedInterfaceOrientations_iPhone = "UIInterfaceOrientationPortrait UIInterfaceOrientationLandscapeLeft UIInterfaceOrientationLandscapeRight";
				IPHONEOS_DEPLOYMENT_TARGET = 18.6;
				LD_RUNPATH_SEARCH_PATHS = (
					"$(inherited)",
					"@executable_path/Frameworks",
				);
				MARKETING_VERSION = 1.0;
				PRODUCT_BUNDLE_IDENTIFIER = com.SamCorp.Structify;
				PRODUCT_NAME = "$(TARGET_NAME)";
				STRING_CATALOG_GENERATE_SYMBOLS = YES;
				SWIFT_APPROACHABLE_CONCURRENCY = YES;
				SWIFT_DEFAULT_ACTOR_ISOLATION = MainActor;
				SWIFT_EMIT_LOC_STRINGS = YES;
				SWIFT_UPCOMING_FEATURE_MEMBER_IMPORT_VISIBILITY = YES;
				SWIFT_VERSION = 5.0;
				TARGETED_DEVICE_FAMILY = "1,2";
			};
			name = Release;
		};
/* End XCBuildConfiguration section */

/* Begin XCConfigurationList section */
		0D0AB0E82F6A89FD006FB947 /* Build configuration list for PBXNativeTarget "StructifyWidgetExtension" */ = {
			isa = XCConfigurationList;
			buildConfigurations = (
				0D0AB0E52F6A89FD006FB947 /* Debug */,
				0D0AB0E62F6A89FD006FB947 /* Release */,
			);
			defaultConfigurationIsVisible = 0;
			defaultConfigurationName = Release;
		};
		0D7344162F5A9E3100AA4159 /* Build configuration list for PBXProject "Structify" */ = {
			isa = XCConfigurationList;
			buildConfigurations = (
				0D7344242F5A9E3200AA4159 /* Debug */,
				0D7344252F5A9E3200AA4159 /* Release */,
			);
			defaultConfigurationIsVisible = 0;
			defaultConfigurationName = Release;
		};
		0D7344262F5A9E3200AA4159 /* Build configuration list for PBXNativeTarget "Structify" */ = {
			isa = XCConfigurationList;
			buildConfigurations = (
				0D7344272F5A9E3200AA4159 /* Debug */,
				0D7344282F5A9E3200AA4159 /* Release */,
			);
			defaultConfigurationIsVisible = 0;
			defaultConfigurationName = Release;
		};
/* End XCConfigurationList section */
	};
	rootObject = 0D7344132F5A9E3100AA4159 /* Project object */;
}
